
Microsoft Visual Studio Solution File, Format Version 12.00
# Visual Studio Version 16
VisualStudioVersion = 16.0.30611.23
MinimumVisualStudioVersion = 10.0.40219.1
Project("{FAE04EC0-301F-11D3-BF4B-00C04F79EFBC}") = "Negrea_Georgiana_Lab5", "Negrea_Georgiana_Lab5.csproj", "{0F01AC37-0FE6-4F6D-8530-1F583836CB3C}"
EndProject
Global
	GlobalSection(SolutionConfigurationPlatforms) = preSolution
		Debug|Any CPU = Debug|Any CPU
		Release|Any CPU = Release|Any CPU
	EndGlobalSection
	GlobalSection(ProjectConfigurationPlatforms) = postSolution
		{0F01AC37-0FE6-4F6D-8530-1F583836CB3C}.Debug|Any CPU.ActiveCfg = Debug|Any CPU
		{0F01AC37-0FE6-4F6D-8530-1F583836CB3C}.Debug|Any CPU.Build.0 = Debug|Any CPU
		{0F01AC37-0FE6-4F6D-8530-1F583836CB3C}.Release|Any CPU.ActiveCfg = Release|Any CPU
		{0F01AC37-0FE6-4F6D-8530-1F583836CB3C}.Release|Any CPU.Build.0 = Release|Any CPU
	EndGlobalSection
	GlobalSection(SolutionProperties) = preSolution
		HideSolutionNode = FALSE
	EndGlobalSection
	GlobalSection(ExtensibilityGlobals) = postSolution
		SolutionGuid = {2A02C8BC-32BC-4951-97AE-18EEE357FC15}
	EndGlobalSection
EndGlobal
